<?xml version="1.0" encoding="utf-8"?>
<Project ToolsVersion="17.0" xmlns="http://schemas.microsoft.com/developer/msbuild/2003">
  <ItemGroup>
    <CustomBuild Include="C:\Users\ngwei\Desktop\CodeCommit\llama.cpp\windows_build_gpu\CMakeFiles\c050d3d5eafc58ede35840e728cb8ce4\Nightly.rule">
      <Filter>CMake Rules</Filter>
    </CustomBuild>
    <CustomBuild Include="C:\Users\ngwei\Desktop\CodeCommit\llama.cpp\CMakeLists.txt" />
  </ItemGroup>
  <ItemGroup>
    <None Include="C:\Users\ngwei\Desktop\CodeCommit\llama.cpp\windows_build_gpu\CMakeFiles\Nightly" />
  </ItemGroup>
  <ItemGroup>
    <Filter Include="CMake Rules">
      <UniqueIdentifier>{F74FBE17-47EE-3BAA-B39E-2AC48BA3A4D8}</UniqueIdentifier>
    </Filter>
  </ItemGroup>
</Project>
