<?xml version="1.0" encoding="utf-8"?>
<Project ToolsVersion="17.0" xmlns="http://schemas.microsoft.com/developer/msbuild/2003">
  <ItemGroup>
    <ClCompile Include="C:\Users\ngwei\Desktop\CodeCommit\llama.cpp\examples\server\server.cpp">
      <Filter>Source Files</Filter>
    </ClCompile>
  </ItemGroup>
  <ItemGroup>
    <ClInclude Include="C:\Users\ngwei\Desktop\CodeCommit\llama.cpp\examples\server\utils.hpp">
      <Filter>Header Files</Filter>
    </ClInclude>
    <ClInclude Include="C:\Users\ngwei\Desktop\CodeCommit\llama.cpp\examples\server\httplib.h">
      <Filter>Header Files</Filter>
    </ClInclude>
    <ClInclude Include="C:\Users\ngwei\Desktop\CodeCommit\llama.cpp\windows_build_gpu\examples\server\index.html.gz.hpp">
      <Filter>Header Files</Filter>
    </ClInclude>
    <ClInclude Include="C:\Users\ngwei\Desktop\CodeCommit\llama.cpp\windows_build_gpu\examples\server\loading.html.hpp">
      <Filter>Header Files</Filter>
    </ClInclude>
  </ItemGroup>
  <ItemGroup>
    <CustomBuild Include="C:\Users\ngwei\Desktop\CodeCommit\llama.cpp\windows_build_gpu\CMakeFiles\704d3555d446a67741c2406dfdf9ca12\index.html.gz.hpp.rule">
      <Filter>CMake Rules</Filter>
    </CustomBuild>
    <CustomBuild Include="C:\Users\ngwei\Desktop\CodeCommit\llama.cpp\windows_build_gpu\CMakeFiles\704d3555d446a67741c2406dfdf9ca12\loading.html.hpp.rule">
      <Filter>CMake Rules</Filter>
    </CustomBuild>
    <CustomBuild Include="C:\Users\ngwei\Desktop\CodeCommit\llama.cpp\examples\server\CMakeLists.txt" />
  </ItemGroup>
  <ItemGroup>
    <Filter Include="CMake Rules">
      <UniqueIdentifier>{F74FBE17-47EE-3BAA-B39E-2AC48BA3A4D8}</UniqueIdentifier>
    </Filter>
    <Filter Include="Header Files">
      <UniqueIdentifier>{6C3406D9-ED46-31BC-811E-62CD4695ED80}</UniqueIdentifier>
    </Filter>
    <Filter Include="Source Files">
      <UniqueIdentifier>{998CD931-5F25-3295-8E09-D3C78BFBDC36}</UniqueIdentifier>
    </Filter>
  </ItemGroup>
</Project>
